
Microsoft Visual Studio Solution File, Format Version 12.00
# Visual Studio 15
VisualStudioVersion = 15.0.28307.1209
MinimumVisualStudioVersion = 10.0.40219.1
Project("{FAE04EC0-301F-11D3-BF4B-00C04F79EFBC}") = "GCRSyncData", "GCRSyncData\GCRSyncData.csproj", "{0AA1A69C-C05B-4611-A59C-6B2A19F922B0}"
EndProject
Global
	GlobalSection(SolutionConfigurationPlatforms) = preSolution
		Debug|Any CPU = Debug|Any CPU
		Release|Any CPU = Release|Any CPU
	EndGlobalSection
	GlobalSection(ProjectConfigurationPlatforms) = postSolution
		{0AA1A69C-C05B-4611-A59C-6B2A19F922B0}.Debug|Any CPU.ActiveCfg = Debug|Any CPU
		{0AA1A69C-C05B-4611-A59C-6B2A19F922B0}.Debug|Any CPU.Build.0 = Debug|Any CPU
		{0AA1A69C-C05B-4611-A59C-6B2A19F922B0}.Release|Any CPU.ActiveCfg = Release|Any CPU
		{0AA1A69C-C05B-4611-A59C-6B2A19F922B0}.Release|Any CPU.Build.0 = Release|Any CPU
	EndGlobalSection
	GlobalSection(SolutionProperties) = preSolution
		HideSolutionNode = FALSE
	EndGlobalSection
	GlobalSection(ExtensibilityGlobals) = postSolution
		SolutionGuid = {A8FF3FBB-8AE3-4D2B-8E5D-3EB7476900D9}
	EndGlobalSection
EndGlobal
